
Microsoft Visual Studio Solution File, Format Version 12.00
# Visual Studio Version 17
VisualStudioVersion = 17.8.34525.116
MinimumVisualStudioVersion = 10.0.40219.1
Project("{2150E333-8FDC-42A3-9474-1A3956D46DE8}") = "Services", "Services", "{15ADDD6D-2ACE-46B3-B3E0-F0F644FF6C6F}"
EndProject
Project("{2150E333-8FDC-42A3-9474-1A3956D46DE8}") = "Catolog", "Catolog", "{BC5E0396-9C90-4D42-8E6E-D54EF8C0C73D}"
EndProject
Project("{9A19103F-16F7-4668-BE54-9A1E7A4F7556}") = "AdemShop.Catolog", "Services\Catolog\AdemShop.Catolog\AdemShop.Catolog.csproj", "{32C68EBD-9F03-44A8-9D82-CA54A1FA238B}"
EndProject
Project("{2150E333-8FDC-42A3-9474-1A3956D46DE8}") = "Discount", "Discount", "{C59496E9-1D72-4A62-A158-CF40C6D0A263}"
EndProject
Project("{9A19103F-16F7-4668-BE54-9A1E7A4F7556}") = "AdemShop.Discount", "Services\Discount\AdemShop.Discount\AdemShop.Discount.csproj", "{DE34E5D7-3D53-4CDE-9FAA-F76F816CF57D}"
EndProject
Project("{2150E333-8FDC-42A3-9474-1A3956D46DE8}") = "Order", "Order", "{B5C0454A-8449-4293-91EC-0834686DEA35}"
EndProject
Project("{2150E333-8FDC-42A3-9474-1A3956D46DE8}") = "Core", "Core", "{D10D8628-82F6-4566-AB3B-E121059F46F4}"
EndProject
Project("{2150E333-8FDC-42A3-9474-1A3956D46DE8}") = "Infrastructure", "Infrastructure", "{3EF84196-79B4-4F3E-84CF-9CABCB4286B2}"
EndProject
Project("{2150E333-8FDC-42A3-9474-1A3956D46DE8}") = "Presentation", "Presentation", "{D30CF159-FB07-403B-A285-C06B6992965B}"
EndProject
Project("{9A19103F-16F7-4668-BE54-9A1E7A4F7556}") = "AdemShop.Order.Application", "Services\Order\Core\AdemShop.Order.Application\AdemShop.Order.Application.csproj", "{2E29A9F7-2371-42CF-8822-39A59A42DCC8}"
EndProject
Project("{9A19103F-16F7-4668-BE54-9A1E7A4F7556}") = "AdemShop.Order.Persistence", "Services\Order\Infrastructure\AdemShop.Order.Persistence\AdemShop.Order.Persistence.csproj", "{04B891EC-50A5-4323-8771-B1B5B76E6BB9}"
EndProject
Project("{9A19103F-16F7-4668-BE54-9A1E7A4F7556}") = "AdemShop.Order.WebApi", "Services\Order\Presentation\AdemShop.Order.WebApi\AdemShop.Order.WebApi.csproj", "{7B8D6E66-ABF0-4D65-A004-F13DFF416325}"
EndProject
Project("{2150E333-8FDC-42A3-9474-1A3956D46DE8}") = "Shared", "Shared", "{429B8EEE-76D5-439B-9CB5-B5993C503E2A}"
EndProject
Project("{9A19103F-16F7-4668-BE54-9A1E7A4F7556}") = "Domain", "Shread\Domain\Domain.csproj", "{B5456D4B-1B24-4824-9790-B4A988D1E547}"
EndProject
Global
	GlobalSection(SolutionConfigurationPlatforms) = preSolution
		Debug|Any CPU = Debug|Any CPU
		Release|Any CPU = Release|Any CPU
	EndGlobalSection
	GlobalSection(ProjectConfigurationPlatforms) = postSolution
		{32C68EBD-9F03-44A8-9D82-CA54A1FA238B}.Debug|Any CPU.ActiveCfg = Debug|Any CPU
		{32C68EBD-9F03-44A8-9D82-CA54A1FA238B}.Debug|Any CPU.Build.0 = Debug|Any CPU
		{32C68EBD-9F03-44A8-9D82-CA54A1FA238B}.Release|Any CPU.ActiveCfg = Release|Any CPU
		{32C68EBD-9F03-44A8-9D82-CA54A1FA238B}.Release|Any CPU.Build.0 = Release|Any CPU
		{DE34E5D7-3D53-4CDE-9FAA-F76F816CF57D}.Debug|Any CPU.ActiveCfg = Debug|Any CPU
		{DE34E5D7-3D53-4CDE-9FAA-F76F816CF57D}.Debug|Any CPU.Build.0 = Debug|Any CPU
		{DE34E5D7-3D53-4CDE-9FAA-F76F816CF57D}.Release|Any CPU.ActiveCfg = Release|Any CPU
		{DE34E5D7-3D53-4CDE-9FAA-F76F816CF57D}.Release|Any CPU.Build.0 = Release|Any CPU
		{2E29A9F7-2371-42CF-8822-39A59A42DCC8}.Debug|Any CPU.ActiveCfg = Debug|Any CPU
		{2E29A9F7-2371-42CF-8822-39A59A42DCC8}.Debug|Any CPU.Build.0 = Debug|Any CPU
		{2E29A9F7-2371-42CF-8822-39A59A42DCC8}.Release|Any CPU.ActiveCfg = Release|Any CPU
		{2E29A9F7-2371-42CF-8822-39A59A42DCC8}.Release|Any CPU.Build.0 = Release|Any CPU
		{04B891EC-50A5-4323-8771-B1B5B76E6BB9}.Debug|Any CPU.ActiveCfg = Debug|Any CPU
		{04B891EC-50A5-4323-8771-B1B5B76E6BB9}.Debug|Any CPU.Build.0 = Debug|Any CPU
		{04B891EC-50A5-4323-8771-B1B5B76E6BB9}.Release|Any CPU.ActiveCfg = Release|Any CPU
		{04B891EC-50A5-4323-8771-B1B5B76E6BB9}.Release|Any CPU.Build.0 = Release|Any CPU
		{7B8D6E66-ABF0-4D65-A004-F13DFF416325}.Debug|Any CPU.ActiveCfg = Debug|Any CPU
		{7B8D6E66-ABF0-4D65-A004-F13DFF416325}.Debug|Any CPU.Build.0 = Debug|Any CPU
		{7B8D6E66-ABF0-4D65-A004-F13DFF416325}.Release|Any CPU.ActiveCfg = Release|Any CPU
		{7B8D6E66-ABF0-4D65-A004-F13DFF416325}.Release|Any CPU.Build.0 = Release|Any CPU
		{B5456D4B-1B24-4824-9790-B4A988D1E547}.Debug|Any CPU.ActiveCfg = Debug|Any CPU
		{B5456D4B-1B24-4824-9790-B4A988D1E547}.Debug|Any CPU.Build.0 = Debug|Any CPU
		{B5456D4B-1B24-4824-9790-B4A988D1E547}.Release|Any CPU.ActiveCfg = Release|Any CPU
		{B5456D4B-1B24-4824-9790-B4A988D1E547}.Release|Any CPU.Build.0 = Release|Any CPU
	EndGlobalSection
	GlobalSection(SolutionProperties) = preSolution
		HideSolutionNode = FALSE
	EndGlobalSection
	GlobalSection(NestedProjects) = preSolution
		{BC5E0396-9C90-4D42-8E6E-D54EF8C0C73D} = {15ADDD6D-2ACE-46B3-B3E0-F0F644FF6C6F}
		{32C68EBD-9F03-44A8-9D82-CA54A1FA238B} = {BC5E0396-9C90-4D42-8E6E-D54EF8C0C73D}
		{C59496E9-1D72-4A62-A158-CF40C6D0A263} = {15ADDD6D-2ACE-46B3-B3E0-F0F644FF6C6F}
		{DE34E5D7-3D53-4CDE-9FAA-F76F816CF57D} = {C59496E9-1D72-4A62-A158-CF40C6D0A263}
		{B5C0454A-8449-4293-91EC-0834686DEA35} = {15ADDD6D-2ACE-46B3-B3E0-F0F644FF6C6F}
		{D10D8628-82F6-4566-AB3B-E121059F46F4} = {B5C0454A-8449-4293-91EC-0834686DEA35}
		{3EF84196-79B4-4F3E-84CF-9CABCB4286B2} = {B5C0454A-8449-4293-91EC-0834686DEA35}
		{D30CF159-FB07-403B-A285-C06B6992965B} = {B5C0454A-8449-4293-91EC-0834686DEA35}
		{2E29A9F7-2371-42CF-8822-39A59A42DCC8} = {D10D8628-82F6-4566-AB3B-E121059F46F4}
		{04B891EC-50A5-4323-8771-B1B5B76E6BB9} = {3EF84196-79B4-4F3E-84CF-9CABCB4286B2}
		{7B8D6E66-ABF0-4D65-A004-F13DFF416325} = {D30CF159-FB07-403B-A285-C06B6992965B}
		{B5456D4B-1B24-4824-9790-B4A988D1E547} = {429B8EEE-76D5-439B-9CB5-B5993C503E2A}
	EndGlobalSection
	GlobalSection(ExtensibilityGlobals) = postSolution
		SolutionGuid = {EF45D356-EEE9-44C6-8B8C-BF6ED40199E6}
	EndGlobalSection
EndGlobal
